// !$*UTF8*$!
{
	archiveVersion = 1;
	classes = {
	};
	objectVersion = 50;
	objects = {

/* Begin PBXBuildFile section */
		7EBFB168214AD1020079D572 /* AppDelegate.swift in Sources */ = {isa = PBXBuildFile; fileRef = 7EBFB167214AD1020079D572 /* AppDelegate.swift */; };
		7EBFB16A214AD1020079D572 /* ViewController.swift in Sources */ = {isa = PBXBuildFile; fileRef = 7EBFB169214AD1020079D572 /* ViewController.swift */; };
		7EBFB16D214AD1020079D572 /* Main.storyboard in Resources */ = {isa = PBXBuildFile; fileRef = 7EBFB16B214AD1020079D572 /* Main.storyboard */; };
		7EBFB170214AD1020079D572 /* ios_native_app_diagnostics.xcdatamodeld in Sources */ = {isa = PBXBuildFile; fileRef = 7EBFB16E214AD1020079D572 /* ios_native_app_diagnostics.xcdatamodeld */; };
		7EBFB172214AD1040079D572 /* Assets.xcassets in Resources */ = {isa = PBXBuildFile; fileRef = 7EBFB171214AD1040079D572 /* Assets.xcassets */; };
		7EBFB175214AD1040079D572 /* LaunchScreen.storyboard in Resources */ = {isa = PBXBuildFile; fileRef = 7EBFB173214AD1040079D572 /* LaunchScreen.storyboard */; };
		7EBFB180214AD1040079D572 /* ios_native_app_diagnosticsTests.swift in Sources */ = {isa = PBXBuildFile; fileRef = 7EBFB17F214AD1040079D572 /* ios_native_app_diagnosticsTests.swift */; };
		7EBFB18B214AD1040079D572 /* ios_native_app_diagnosticsUITests.swift in Sources */ = {isa = PBXBuildFile; fileRef = 7EBFB18A214AD1040079D572 /* ios_native_app_diagnosticsUITests.swift */; };
		DB0BB584C21EEA92F4E26B56 /* Pods_ios_native_app_diagnosticsUITests.framework in Frameworks */ = {isa = PBXBuildFile; fileRef = 2D4AEBE4B38005FAA4F5D7BA /* Pods_ios_native_app_diagnosticsUITests.framework */; };
		E8F8281883001ECC77FCFC45 /* Pods_ios_native_app_diagnosticsTests.framework in Frameworks */ = {isa = PBXBuildFile; fileRef = AE194988451B00782084A317 /* Pods_ios_native_app_diagnosticsTests.framework */; };
		EA228627E25835D289BA67FE /* Pods_ios_native_app_diagnostics.framework in Frameworks */ = {isa = PBXBuildFile; fileRef = 8D953BF65AF88FE4883FD35A /* Pods_ios_native_app_diagnostics.framework */; };
/* End PBXBuildFile section */

/* Begin PBXContainerItemProxy section */
		7EBFB17C214AD1040079D572 /* PBXContainerItemProxy */ = {
			isa = PBXContainerItemProxy;
			containerPortal = 7EBFB15C214AD1020079D572 /* Project object */;
			proxyType = 1;
			remoteGlobalIDString = 7EBFB163214AD1020079D572;
			remoteInfo = "ios-native-app-diagnostics";
		};
		7EBFB187214AD1040079D572 /* PBXContainerItemProxy */ = {
			isa = PBXContainerItemProxy;
			containerPortal = 7EBFB15C214AD1020079D572 /* Project object */;
			proxyType = 1;
			remoteGlobalIDString = 7EBFB163214AD1020079D572;
			remoteInfo = "ios-native-app-diagnostics";
		};
/* End PBXContainerItemProxy section */

/* Begin PBXFileReference section */
		0DBAF89F410420F6AA092A9E /* Pods-ios-native-app-diagnosticsTests.debug.xcconfig */ = {isa = PBXFileReference; includeInIndex = 1; lastKnownFileType = text.xcconfig; name = "Pods-ios-native-app-diagnosticsTests.debug.xcconfig"; path = "Pods/Target Support Files/Pods-ios-native-app-diagnosticsTests/Pods-ios-native-app-diagnosticsTests.debug.xcconfig"; sourceTree = "<group>"; };
		2D4AEBE4B38005FAA4F5D7BA /* Pods_ios_native_app_diagnosticsUITests.framework */ = {isa = PBXFileReference; explicitFileType = wrapper.framework; includeInIndex = 0; path = Pods_ios_native_app_diagnosticsUITests.framework; sourceTree = BUILT_PRODUCTS_DIR; };
		42AC146D45E1D58B1450D366 /* Pods-ios-native-app-diagnostics.release.xcconfig */ = {isa = PBXFileReference; includeInIndex = 1; lastKnownFileType = text.xcconfig; name = "Pods-ios-native-app-diagnostics.release.xcconfig"; path = "Pods/Target Support Files/Pods-ios-native-app-diagnostics/Pods-ios-native-app-diagnostics.release.xcconfig"; sourceTree = "<group>"; };
		73D912C3D723E8BC47A3E6A5 /* Pods-ios-native-app-diagnosticsTests.release.xcconfig */ = {isa = PBXFileReference; includeInIndex = 1; lastKnownFileType = text.xcconfig; name = "Pods-ios-native-app-diagnosticsTests.release.xcconfig"; path = "Pods/Target Support Files/Pods-ios-native-app-diagnosticsTests/Pods-ios-native-app-diagnosticsTests.release.xcconfig"; sourceTree = "<group>"; };
		7EBFB164214AD1020079D572 /* ios-native-app-diagnostics.app */ = {isa = PBXFileReference; explicitFileType = wrapper.application; includeInIndex = 0; path = "ios-native-app-diagnostics.app"; sourceTree = BUILT_PRODUCTS_DIR; };
		7EBFB167214AD1020079D572 /* AppDelegate.swift */ = {isa = PBXFileReference; lastKnownFileType = sourcecode.swift; path = AppDelegate.swift; sourceTree = "<group>"; };
		7EBFB169214AD1020079D572 /* ViewController.swift */ = {isa = PBXFileReference; lastKnownFileType = sourcecode.swift; path = ViewController.swift; sourceTree = "<group>"; };
		7EBFB16C214AD1020079D572 /* Base */ = {isa = PBXFileReference; lastKnownFileType = file.storyboard; name = Base; path = Base.lproj/Main.storyboard; sourceTree = "<group>"; };
		7EBFB16F214AD1020079D572 /* ios_native_app_diagnostics.xcdatamodel */ = {isa = PBXFileReference; lastKnownFileType = wrapper.xcdatamodel; path = ios_native_app_diagnostics.xcdatamodel; sourceTree = "<group>"; };
		7EBFB171214AD1040079D572 /* Assets.xcassets */ = {isa = PBXFileReference; lastKnownFileType = folder.assetcatalog; path = Assets.xcassets; sourceTree = "<group>"; };
		7EBFB174214AD1040079D572 /* Base */ = {isa = PBXFileReference; lastKnownFileType = file.storyboard; name = Base; path = Base.lproj/LaunchScreen.storyboard; sourceTree = "<group>"; };
		7EBFB176214AD1040079D572 /* Info.plist */ = {isa = PBXFileReference; lastKnownFileType = text.plist.xml; path = Info.plist; sourceTree = "<group>"; };
		7EBFB17B214AD1040079D572 /* ios-native-app-diagnosticsTests.xctest */ = {isa = PBXFileReference; explicitFileType = wrapper.cfbundle; includeInIndex = 0; path = "ios-native-app-diagnosticsTests.xctest"; sourceTree = BUILT_PRODUCTS_DIR; };
		7EBFB17F214AD1040079D572 /* ios_native_app_diagnosticsTests.swift */ = {isa = PBXFileReference; lastKnownFileType = sourcecode.swift; path = ios_native_app_diagnosticsTests.swift; sourceTree = "<group>"; };
		7EBFB181214AD1040079D572 /* Info.plist */ = {isa = PBXFileReference; lastKnownFileType = text.plist.xml; path = Info.plist; sourceTree = "<group>"; };
		7EBFB186214AD1040079D572 /* ios-native-app-diagnosticsUITests.xctest */ = {isa = PBXFileReference; explicitFileType = wrapper.cfbundle; includeInIndex = 0; path = "ios-native-app-diagnosticsUITests.xctest"; sourceTree = BUILT_PRODUCTS_DIR; };
		7EBFB18A214AD1040079D572 /* ios_native_app_diagnosticsUITests.swift */ = {isa = PBXFileReference; lastKnownFileType = sourcecode.swift; path = ios_native_app_diagnosticsUITests.swift; sourceTree = "<group>"; };
		7EBFB18C214AD1040079D572 /* Info.plist */ = {isa = PBXFileReference; lastKnownFileType = text.plist.xml; path = Info.plist; sourceTree = "<group>"; };
		8D953BF65AF88FE4883FD35A /* Pods_ios_native_app_diagnostics.framework */ = {isa = PBXFileReference; explicitFileType = wrapper.framework; includeInIndex = 0; path = Pods_ios_native_app_diagnostics.framework; sourceTree = BUILT_PRODUCTS_DIR; };
		A316AD2D173022EA66DC7CB6 /* Pods-ios-native-app-diagnosticsUITests.release.xcconfig */ = {isa = PBXFileReference; includeInIndex = 1; lastKnownFileType = text.xcconfig; name = "Pods-ios-native-app-diagnosticsUITests.release.xcconfig"; path = "Pods/Target Support Files/Pods-ios-native-app-diagnosticsUITests/Pods-ios-native-app-diagnosticsUITests.release.xcconfig"; sourceTree = "<group>"; };
		AE194988451B00782084A317 /* Pods_ios_native_app_diagnosticsTests.framework */ = {isa = PBXFileReference; explicitFileType = wrapper.framework; includeInIndex = 0; path = Pods_ios_native_app_diagnosticsTests.framework; sourceTree = BUILT_PRODUCTS_DIR; };
		CB681DB333E53485B7B4400F /* Pods-ios-native-app-diagnosticsUITests.debug.xcconfig */ = {isa = PBXFileReference; includeInIndex = 1; lastKnownFileType = text.xcconfig; name = "Pods-ios-native-app-diagnosticsUITests.debug.xcconfig"; path = "Pods/Target Support Files/Pods-ios-native-app-diagnosticsUITests/Pods-ios-native-app-diagnosticsUITests.debug.xcconfig"; sourceTree = "<group>"; };
		F581EC499AE616087252F478 /* Pods-ios-native-app-diagnostics.debug.xcconfig */ = {isa = PBXFileReference; includeInIndex = 1; lastKnownFileType = text.xcconfig; name = "Pods-ios-native-app-diagnostics.debug.xcconfig"; path = "Pods/Target Support Files/Pods-ios-native-app-diagnostics/Pods-ios-native-app-diagnostics.debug.xcconfig"; sourceTree = "<group>"; };
/* End PBXFileReference section */

/* Begin PBXFrameworksBuildPhase section */
		7EBFB161214AD1020079D572 /* Frameworks */ = {
			isa = PBXFrameworksBuildPhase;
			buildActionMask = 2147483647;
			files = (
				EA228627E25835D289BA67FE /* Pods_ios_native_app_diagnostics.framework in Frameworks */,
			);
			runOnlyForDeploymentPostprocessing = 0;
		};
		7EBFB178214AD1040079D572 /* Frameworks */ = {
			isa = PBXFrameworksBuildPhase;
			buildActionMask = 2147483647;
			files = (
				E8F8281883001ECC77FCFC45 /* Pods_ios_native_app_diagnosticsTests.framework in Frameworks */,
			);
			runOnlyForDeploymentPostprocessing = 0;
		};
		7EBFB183214AD1040079D572 /* Frameworks */ = {
			isa = PBXFrameworksBuildPhase;
			buildActionMask = 2147483647;
			files = (
				DB0BB584C21EEA92F4E26B56 /* Pods_ios_native_app_diagnosticsUITests.framework in Frameworks */,
			);
			runOnlyForDeploymentPostprocessing = 0;
		};
/* End PBXFrameworksBuildPhase section */

/* Begin PBXGroup section */
		1290CF11215066FFDB20DCCA /* Frameworks */ = {
			isa = PBXGroup;
			children = (
				8D953BF65AF88FE4883FD35A /* Pods_ios_native_app_diagnostics.framework */,
				AE194988451B00782084A317 /* Pods_ios_native_app_diagnosticsTests.framework */,
				2D4AEBE4B38005FAA4F5D7BA /* Pods_ios_native_app_diagnosticsUITests.framework */,
			);
			name = Frameworks;
			sourceTree = "<group>";
		};
		7EBFB15B214AD1020079D572 = {
			isa = PBXGroup;
			children = (
				7EBFB166214AD1020079D572 /* ios-native-app-diagnostics */,
				7EBFB17E214AD1040079D572 /* ios-native-app-diagnosticsTests */,
				7EBFB189214AD1040079D572 /* ios-native-app-diagnosticsUITests */,
				7EBFB165214AD1020079D572 /* Products */,
				BF71D68D0F2B73666FA366B5 /* Pods */,
				1290CF11215066FFDB20DCCA /* Frameworks */,
			);
			sourceTree = "<group>";
		};
		7EBFB165214AD1020079D572 /* Products */ = {
			isa = PBXGroup;
			children = (
				7EBFB164214AD1020079D572 /* ios-native-app-diagnostics.app */,
				7EBFB17B214AD1040079D572 /* ios-native-app-diagnosticsTests.xctest */,
				7EBFB186214AD1040079D572 /* ios-native-app-diagnosticsUITests.xctest */,
			);
			name = Products;
			sourceTree = "<group>";
		};
		7EBFB166214AD1020079D572 /* ios-native-app-diagnostics */ = {
			isa = PBXGroup;
			children = (
				7EBFB167214AD1020079D572 /* AppDelegate.swift */,
				7EBFB169214AD1020079D572 /* ViewController.swift */,
				7EBFB16B214AD1020079D572 /* Main.storyboard */,
				7EBFB171214AD1040079D572 /* Assets.xcassets */,
				7EBFB173214AD1040079D572 /* LaunchScreen.storyboard */,
				7EBFB176214AD1040079D572 /* Info.plist */,
				7EBFB16E214AD1020079D572 /* ios_native_app_diagnostics.xcdatamodeld */,
			);
			path = "ios-native-app-diagnostics";
			sourceTree = "<group>";
		};
		7EBFB17E214AD1040079D572 /* ios-native-app-diagnosticsTests */ = {
			isa = PBXGroup;
			children = (
				7EBFB17F214AD1040079D572 /* ios_native_app_diagnosticsTests.swift */,
				7EBFB181214AD1040079D572 /* Info.plist */,
			);
			path = "ios-native-app-diagnosticsTests";
			sourceTree = "<group>";
		};
		7EBFB189214AD1040079D572 /* ios-native-app-diagnosticsUITests */ = {
			isa = PBXGroup;
			children = (
				7EBFB18A214AD1040079D572 /* ios_native_app_diagnosticsUITests.swift */,
				7EBFB18C214AD1040079D572 /* Info.plist */,
			);
			path = "ios-native-app-diagnosticsUITests";
			sourceTree = "<group>";
		};
		BF71D68D0F2B73666FA366B5 /* Pods */ = {
			isa = PBXGroup;
			children = (
				F581EC499AE616087252F478 /* Pods-ios-native-app-diagnostics.debug.xcconfig */,
				42AC146D45E1D58B1450D366 /* Pods-ios-native-app-diagnostics.release.xcconfig */,
				0DBAF89F410420F6AA092A9E /* Pods-ios-native-app-diagnosticsTests.debug.xcconfig */,
				73D912C3D723E8BC47A3E6A5 /* Pods-ios-native-app-diagnosticsTests.release.xcconfig */,
				CB681DB333E53485B7B4400F /* Pods-ios-native-app-diagnosticsUITests.debug.xcconfig */,
				A316AD2D173022EA66DC7CB6 /* Pods-ios-native-app-diagnosticsUITests.release.xcconfig */,
			);
			name = Pods;
			sourceTree = "<group>";
		};
/* End PBXGroup section */

/* Begin PBXNativeTarget section */
		7EBFB163214AD1020079D572 /* ios-native-app-diagnostics */ = {
			isa = PBXNativeTarget;
			buildConfigurationList = 7EBFB18F214AD1040079D572 /* Build configuration list for PBXNativeTarget "ios-native-app-diagnostics" */;
			buildPhases = (
				129AB4C5D06A4BEFC745062D /* [CP] Check Pods Manifest.lock */,
				7EBFB160214AD1020079D572 /* Sources */,
				7EBFB161214AD1020079D572 /* Frameworks */,
				7EBFB162214AD1020079D572 /* Resources */,
			);
			buildRules = (
			);
			dependencies = (
			);
			name = "ios-native-app-diagnostics";
			productName = "ios-native-app-diagnostics";
			productReference = 7EBFB164214AD1020079D572 /* ios-native-app-diagnostics.app */;
			productType = "com.apple.product-type.application";
		};
		7EBFB17A214AD1040079D572 /* ios-native-app-diagnosticsTests */ = {
			isa = PBXNativeTarget;
			buildConfigurationList = 7EBFB192214AD1040079D572 /* Build configuration list for PBXNativeTarget "ios-native-app-diagnosticsTests" */;
			buildPhases = (
				3E3863D36EE65A8A2938B51C /* [CP] Check Pods Manifest.lock */,
				7EBFB177214AD1040079D572 /* Sources */,
				7EBFB178214AD1040079D572 /* Frameworks */,
				7EBFB179214AD1040079D572 /* Resources */,
			);
			buildRules = (
			);
			dependencies = (
				7EBFB17D214AD1040079D572 /* PBXTargetDependency */,
			);
			name = "ios-native-app-diagnosticsTests";
			productName = "ios-native-app-diagnosticsTests";
			productReference = 7EBFB17B214AD1040079D572 /* ios-native-app-diagnosticsTests.xctest */;
			productType = "com.apple.product-type.bundle.unit-test";
		};
		7EBFB185214AD1040079D572 /* ios-native-app-diagnosticsUITests */ = {
			isa = PBXNativeTarget;
			buildConfigurationList = 7EBFB195214AD1040079D572 /* Build configuration list for PBXNativeTarget "ios-native-app-diagnosticsUITests" */;
			buildPhases = (
				7947D54C34262DF4CDBC9D45 /* [CP] Check Pods Manifest.lock */,
				7EBFB182214AD1040079D572 /* Sources */,
				7EBFB183214AD1040079D572 /* Frameworks */,
				7EBFB184214AD1040079D572 /* Resources */,
			);
			buildRules = (
			);
			dependencies = (
				7EBFB188214AD1040079D572 /* PBXTargetDependency */,
			);
			name = "ios-native-app-diagnosticsUITests";
			productName = "ios-native-app-diagnosticsUITests";
			productReference = 7EBFB186214AD1040079D572 /* ios-native-app-diagnosticsUITests.xctest */;
			productType = "com.apple.product-type.bundle.ui-testing";
		};
/* End PBXNativeTarget section */

/* Begin PBXProject section */
		7EBFB15C214AD1020079D572 /* Project object */ = {
			isa = PBXProject;
			attributes = {
				LastSwiftUpdateCheck = 0940;
				LastUpgradeCheck = 0940;
				ORGANIZATIONNAME = "App Center";
				TargetAttributes = {
					7EBFB163214AD1020079D572 = {
						CreatedOnToolsVersion = 9.4.1;
					};
					7EBFB17A214AD1040079D572 = {
						CreatedOnToolsVersion = 9.4.1;
						TestTargetID = 7EBFB163214AD1020079D572;
					};
					7EBFB185214AD1040079D572 = {
						CreatedOnToolsVersion = 9.4.1;
						TestTargetID = 7EBFB163214AD1020079D572;
					};
				};
			};
			buildConfigurationList = 7EBFB15F214AD1020079D572 /* Build configuration list for PBXProject "ios-native-app-diagnostics" */;
			compatibilityVersion = "Xcode 9.3";
			developmentRegion = en;
			hasScannedForEncodings = 0;
			knownRegions = (
				en,
				Base,
			);
			mainGroup = 7EBFB15B214AD1020079D572;
			productRefGroup = 7EBFB165214AD1020079D572 /* Products */;
			projectDirPath = "";
			projectRoot = "";
			targets = (
				7EBFB163214AD1020079D572 /* ios-native-app-diagnostics */,
				7EBFB17A214AD1040079D572 /* ios-native-app-diagnosticsTests */,
				7EBFB185214AD1040079D572 /* ios-native-app-diagnosticsUITests */,
			);
		};
/* End PBXProject section */

/* Begin PBXResourcesBuildPhase section */
		7EBFB162214AD1020079D572 /* Resources */ = {
			isa = PBXResourcesBuildPhase;
			buildActionMask = 2147483647;
			files = (
				7EBFB175214AD1040079D572 /* LaunchScreen.storyboard in Resources */,
				7EBFB172214AD1040079D572 /* Assets.xcassets in Resources */,
				7EBFB16D214AD1020079D572 /* Main.storyboard in Resources */,
			);
			runOnlyForDeploymentPostprocessing = 0;
		};
		7EBFB179214AD1040079D572 /* Resources */ = {
			isa = PBXResourcesBuildPhase;
			buildActionMask = 2147483647;
			files = (
			);
			runOnlyForDeploymentPostprocessing = 0;
		};
		7EBFB184214AD1040079D572 /* Resources */ = {
			isa = PBXResourcesBuildPhase;
			buildActionMask = 2147483647;
			files = (
			);
			runOnlyForDeploymentPostprocessing = 0;
		};
/* End PBXResourcesBuildPhase section */

/* Begin PBXShellScriptBuildPhase section */
		129AB4C5D06A4BEFC745062D /* [CP] Check Pods Manifest.lock */ = {
			isa = PBXShellScriptBuildPhase;
			buildActionMask = 2147483647;
			files = (
			);
			inputPaths = (
				"${PODS_PODFILE_DIR_PATH}/Podfile.lock",
				"${PODS_ROOT}/Manifest.lock",
			);
			name = "[CP] Check Pods Manifest.lock";
			outputPaths = (
				"$(DERIVED_FILE_DIR)/Pods-ios-native-app-diagnostics-checkManifestLockResult.txt",
			);
			runOnlyForDeploymentPostprocessing = 0;
			shellPath = /bin/sh;
			shellScript = "diff \"${PODS_PODFILE_DIR_PATH}/Podfile.lock\" \"${PODS_ROOT}/Manifest.lock\" > /dev/null\nif [ $? != 0 ] ; then\n    # print error to STDERR\n    echo \"error: The sandbox is not in sync with the Podfile.lock. Run 'pod install' or update your CocoaPods installation.\" >&2\n    exit 1\nfi\n# This output is used by Xcode 'outputs' to avoid re-running this script phase.\necho \"SUCCESS\" > \"${SCRIPT_OUTPUT_FILE_0}\"\n";
			showEnvVarsInLog = 0;
		};
		3E3863D36EE65A8A2938B51C /* [CP] Check Pods Manifest.lock */ = {
			isa = PBXShellScriptBuildPhase;
			buildActionMask = 2147483647;
			files = (
			);
			inputPaths = (
				"${PODS_PODFILE_DIR_PATH}/Podfile.lock",
				"${PODS_ROOT}/Manifest.lock",
			);
			name = "[CP] Check Pods Manifest.lock";
			outputPaths = (
				"$(DERIVED_FILE_DIR)/Pods-ios-native-app-diagnosticsTests-checkManifestLockResult.txt",
			);
			runOnlyForDeploymentPostprocessing = 0;
			shellPath = /bin/sh;
			shellScript = "diff \"${PODS_PODFILE_DIR_PATH}/Podfile.lock\" \"${PODS_ROOT}/Manifest.lock\" > /dev/null\nif [ $? != 0 ] ; then\n    # print error to STDERR\n    echo \"error: The sandbox is not in sync with the Podfile.lock. Run 'pod install' or update your CocoaPods installation.\" >&2\n    exit 1\nfi\n# This output is used by Xcode 'outputs' to avoid re-running this script phase.\necho \"SUCCESS\" > \"${SCRIPT_OUTPUT_FILE_0}\"\n";
			showEnvVarsInLog = 0;
		};
		7947D54C34262DF4CDBC9D45 /* [CP] Check Pods Manifest.lock */ = {
			isa = PBXShellScriptBuildPhase;
			buildActionMask = 2147483647;
			files = (
			);
			inputPaths = (
				"${PODS_PODFILE_DIR_PATH}/Podfile.lock",
				"${PODS_ROOT}/Manifest.lock",
			);
			name = "[CP] Check Pods Manifest.lock";
			outputPaths = (
				"$(DERIVED_FILE_DIR)/Pods-ios-native-app-diagnosticsUITests-checkManifestLockResult.txt",
			);
			runOnlyForDeploymentPostprocessing = 0;
			shellPath = /bin/sh;
			shellScript = "diff \"${PODS_PODFILE_DIR_PATH}/Podfile.lock\" \"${PODS_ROOT}/Manifest.lock\" > /dev/null\nif [ $? != 0 ] ; then\n    # print error to STDERR\n    echo \"error: The sandbox is not in sync with the Podfile.lock. Run 'pod install' or update your CocoaPods installation.\" >&2\n    exit 1\nfi\n# This output is used by Xcode 'outputs' to avoid re-running this script phase.\necho \"SUCCESS\" > \"${SCRIPT_OUTPUT_FILE_0}\"\n";
			showEnvVarsInLog = 0;
		};
/* End PBXShellScriptBuildPhase section */

/* Begin PBXSourcesBuildPhase section */
		7EBFB160214AD1020079D572 /* Sources */ = {
			isa = PBXSourcesBuildPhase;
			buildActionMask = 2147483647;
			files = (
				7EBFB16A214AD1020079D572 /* ViewController.swift in Sources */,
				7EBFB170214AD1020079D572 /* ios_native_app_diagnostics.xcdatamodeld in Sources */,
				7EBFB168214AD1020079D572 /* AppDelegate.swift in Sources */,
			);
			runOnlyForDeploymentPostprocessing = 0;
		};
		7EBFB177214AD1040079D572 /* Sources */ = {
			isa = PBXSourcesBuildPhase;
			buildActionMask = 2147483647;
			files = (
				7EBFB180214AD1040079D572 /* ios_native_app_diagnosticsTests.swift in Sources */,
			);
			runOnlyForDeploymentPostprocessing = 0;
		};
		7EBFB182214AD1040079D572 /* Sources */ = {
			isa = PBXSourcesBuildPhase;
			buildActionMask = 2147483647;
			files = (
				7EBFB18B214AD1040079D572 /* ios_native_app_diagnosticsUITests.swift in Sources */,
			);
			runOnlyForDeploymentPostprocessing = 0;
		};
/* End PBXSourcesBuildPhase section */

/* Begin PBXTargetDependency section */
		7EBFB17D214AD1040079D572 /* PBXTargetDependency */ = {
			isa = PBXTargetDependency;
			target = 7EBFB163214AD1020079D572 /* ios-native-app-diagnostics */;
			targetProxy = 7EBFB17C214AD1040079D572 /* PBXContainerItemProxy */;
		};
		7EBFB188214AD1040079D572 /* PBXTargetDependency */ = {
			isa = PBXTargetDependency;
			target = 7EBFB163214AD1020079D572 /* ios-native-app-diagnostics */;
			targetProxy = 7EBFB187214AD1040079D572 /* PBXContainerItemProxy */;
		};
/* End PBXTargetDependency section */

/* Begin PBXVariantGroup section */
		7EBFB16B214AD1020079D572 /* Main.storyboard */ = {
			isa = PBXVariantGroup;
			children = (
				7EBFB16C214AD1020079D572 /* Base */,
			);
			name = Main.storyboard;
			sourceTree = "<group>";
		};
		7EBFB173214AD1040079D572 /* LaunchScreen.storyboard */ = {
			isa = PBXVariantGroup;
			children = (
				7EBFB174214AD1040079D572 /* Base */,
			);
			name = LaunchScreen.storyboard;
			sourceTree = "<group>";
		};
/* End PBXVariantGroup section */

/* Begin XCBuildConfiguration section */
		7EBFB18D214AD1040079D572 /* Debug */ = {
			isa = XCBuildConfiguration;
			buildSettings = {
				ALWAYS_SEARCH_USER_PATHS = NO;
				CLANG_ANALYZER_NONNULL = YES;
				CLANG_ANALYZER_NUMBER_OBJECT_CONVERSION = YES_AGGRESSIVE;
				CLANG_CXX_LANGUAGE_STANDARD = "gnu++14";
				CLANG_CXX_LIBRARY = "libc++";
				CLANG_ENABLE_MODULES = YES;
				CLANG_ENABLE_OBJC_ARC = YES;
				CLANG_ENABLE_OBJC_WEAK = YES;
				CLANG_WARN_BLOCK_CAPTURE_AUTORELEASING = YES;
				CLANG_WARN_BOOL_CONVERSION = YES;
				CLANG_WARN_COMMA = YES;
				CLANG_WARN_CONSTANT_CONVERSION = YES;
				CLANG_WARN_DEPRECATED_OBJC_IMPLEMENTATIONS = YES;
				CLANG_WARN_DIRECT_OBJC_ISA_USAGE = YES_ERROR;
				CLANG_WARN_DOCUMENTATION_COMMENTS = YES;
				CLANG_WARN_EMPTY_BODY = YES;
				CLANG_WARN_ENUM_CONVERSION = YES;
				CLANG_WARN_INFINITE_RECURSION = YES;
				CLANG_WARN_INT_CONVERSION = YES;
				CLANG_WARN_NON_LITERAL_NULL_CONVERSION = YES;
				CLANG_WARN_OBJC_IMPLICIT_RETAIN_SELF = YES;
				CLANG_WARN_OBJC_LITERAL_CONVERSION = YES;
				CLANG_WARN_OBJC_ROOT_CLASS = YES_ERROR;
				CLANG_WARN_RANGE_LOOP_ANALYSIS = YES;
				CLANG_WARN_STRICT_PROTOTYPES = YES;
				CLANG_WARN_SUSPICIOUS_MOVE = YES;
				CLANG_WARN_UNGUARDED_AVAILABILITY = YES_AGGRESSIVE;
				CLANG_WARN_UNREACHABLE_CODE = YES;
				CLANG_WARN__DUPLICATE_METHOD_MATCH = YES;
				CODE_SIGN_IDENTITY = "iPhone Developer";
				COPY_PHASE_STRIP = NO;
				DEBUG_INFORMATION_FORMAT = dwarf;
				ENABLE_STRICT_OBJC_MSGSEND = YES;
				ENABLE_TESTABILITY = YES;
				GCC_C_LANGUAGE_STANDARD = gnu11;
				GCC_DYNAMIC_NO_PIC = NO;
				GCC_NO_COMMON_BLOCKS = YES;
				GCC_OPTIMIZATION_LEVEL = 0;
				GCC_PREPROCESSOR_DEFINITIONS = (
					"DEBUG=1",
					"$(inherited)",
				);
				GCC_WARN_64_TO_32_BIT_CONVERSION = YES;
				GCC_WARN_ABOUT_RETURN_TYPE = YES_ERROR;
				GCC_WARN_UNDECLARED_SELECTOR = YES;
				GCC_WARN_UNINITIALIZED_AUTOS = YES_AGGRESSIVE;
				GCC_WARN_UNUSED_FUNCTION = YES;
				GCC_WARN_UNUSED_VARIABLE = YES;
				IPHONEOS_DEPLOYMENT_TARGET = 11.4;
				MTL_ENABLE_DEBUG_INFO = YES;
				ONLY_ACTIVE_ARCH = YES;
				SDKROOT = iphoneos;
				SWIFT_ACTIVE_COMPILATION_CONDITIONS = DEBUG;
				SWIFT_OPTIMIZATION_LEVEL = "-Onone";
			};
			name = Debug;
		};
		7EBFB18E214AD1040079D572 /* Release */ = {
			isa = XCBuildConfiguration;
			buildSettings = {
				ALWAYS_SEARCH_USER_PATHS = NO;
				CLANG_ANALYZER_NONNULL = YES;
				CLANG_ANALYZER_NUMBER_OBJECT_CONVERSION = YES_AGGRESSIVE;
				CLANG_CXX_LANGUAGE_STANDARD = "gnu++14";
				CLANG_CXX_LIBRARY = "libc++";
				CLANG_ENABLE_MODULES = YES;
				CLANG_ENABLE_OBJC_ARC = YES;
				CLANG_ENABLE_OBJC_WEAK = YES;
				CLANG_WARN_BLOCK_CAPTURE_AUTORELEASING = YES;
				CLANG_WARN_BOOL_CONVERSION = YES;
				CLANG_WARN_COMMA = YES;
				CLANG_WARN_CONSTANT_CONVERSION = YES;
				CLANG_WARN_DEPRECATED_OBJC_IMPLEMENTATIONS = YES;
				CLANG_WARN_DIRECT_OBJC_ISA_USAGE = YES_ERROR;
				CLANG_WARN_DOCUMENTATION_COMMENTS = YES;
				CLANG_WARN_EMPTY_BODY = YES;
				CLANG_WARN_ENUM_CONVERSION = YES;
				CLANG_WARN_INFINITE_RECURSION = YES;
				CLANG_WARN_INT_CONVERSION = YES;
				CLANG_WARN_NON_LITERAL_NULL_CONVERSION = YES;
				CLANG_WARN_OBJC_IMPLICIT_RETAIN_SELF = YES;
				CLANG_WARN_OBJC_LITERAL_CONVERSION = YES;
				CLANG_WARN_OBJC_ROOT_CLASS = YES_ERROR;
				CLANG_WARN_RANGE_LOOP_ANALYSIS = YES;
				CLANG_WARN_STRICT_PROTOTYPES = YES;
				CLANG_WARN_SUSPICIOUS_MOVE = YES;
				CLANG_WARN_UNGUARDED_AVAILABILITY = YES_AGGRESSIVE;
				CLANG_WARN_UNREACHABLE_CODE = YES;
				CLANG_WARN__DUPLICATE_METHOD_MATCH = YES;
				CODE_SIGN_IDENTITY = "iPhone Developer";
				COPY_PHASE_STRIP = NO;
				DEBUG_INFORMATION_FORMAT = "dwarf-with-dsym";
				ENABLE_NS_ASSERTIONS = NO;
				ENABLE_STRICT_OBJC_MSGSEND = YES;
				GCC_C_LANGUAGE_STANDARD = gnu11;
				GCC_NO_COMMON_BLOCKS = YES;
				GCC_WARN_64_TO_32_BIT_CONVERSION = YES;
				GCC_WARN_ABOUT_RETURN_TYPE = YES_ERROR;
				GCC_WARN_UNDECLARED_SELECTOR = YES;
				GCC_WARN_UNINITIALIZED_AUTOS = YES_AGGRESSIVE;
				GCC_WARN_UNUSED_FUNCTION = YES;
				GCC_WARN_UNUSED_VARIABLE = YES;
				IPHONEOS_DEPLOYMENT_TARGET = 11.4;
				MTL_ENABLE_DEBUG_INFO = NO;
				SDKROOT = iphoneos;
				SWIFT_COMPILATION_MODE = wholemodule;
				SWIFT_OPTIMIZATION_LEVEL = "-O";
				VALIDATE_PRODUCT = YES;
			};
			name = Release;
		};
		7EBFB190214AD1040079D572 /* Debug */ = {
			isa = XCBuildConfiguration;
			baseConfigurationReference = F581EC499AE616087252F478 /* Pods-ios-native-app-diagnostics.debug.xcconfig */;
			buildSettings = {
				ASSETCATALOG_COMPILER_APPICON_NAME = AppIcon;
				CODE_SIGN_STYLE = Manual;
				DEVELOPMENT_TEAM = R2L8TU8NEV;
				INFOPLIST_FILE = "ios-native-app-diagnostics/Info.plist";
				LD_RUNPATH_SEARCH_PATHS = (
					"$(inherited)",
					"@executable_path/Frameworks",
				);
				PRODUCT_BUNDLE_IDENTIFIER = "com.ewgeniux.ios-native-app-diagnostics";
				PRODUCT_NAME = "$(TARGET_NAME)";
				PROVISIONING_PROFILE_SPECIFIER = "iOS-native-app-diagnostics";
				SWIFT_VERSION = 4.0;
				TARGETED_DEVICE_FAMILY = "1,2";
			};
			name = Debug;
		};
		7EBFB191214AD1040079D572 /* Release */ = {
			isa = XCBuildConfiguration;
			baseConfigurationReference = 42AC146D45E1D58B1450D366 /* Pods-ios-native-app-diagnostics.release.xcconfig */;
			buildSettings = {
				ASSETCATALOG_COMPILER_APPICON_NAME = AppIcon;
				CODE_SIGN_STYLE = Manual;
				DEVELOPMENT_TEAM = R2L8TU8NEV;
				INFOPLIST_FILE = "ios-native-app-diagnostics/Info.plist";
				LD_RUNPATH_SEARCH_PATHS = (
					"$(inherited)",
					"@executable_path/Frameworks",
				);
				PRODUCT_BUNDLE_IDENTIFIER = "com.ewgeniux.ios-native-app-diagnostics";
				PRODUCT_NAME = "$(TARGET_NAME)";
				PROVISIONING_PROFILE_SPECIFIER = "iOS-native-app-diagnostics";
				SWIFT_VERSION = 4.0;
				TARGETED_DEVICE_FAMILY = "1,2";
			};
			name = Release;
		};
		7EBFB193214AD1040079D572 /* Debug */ = {
			isa = XCBuildConfiguration;
			baseConfigurationReference = 0DBAF89F410420F6AA092A9E /* Pods-ios-native-app-diagnosticsTests.debug.xcconfig */;
			buildSettings = {
				ALWAYS_EMBED_SWIFT_STANDARD_LIBRARIES = YES;
				BUNDLE_LOADER = "$(TEST_HOST)";
				CODE_SIGN_STYLE = Automatic;
				DEVELOPMENT_TEAM = R2L8TU8NEV;
				INFOPLIST_FILE = "ios-native-app-diagnosticsTests/Info.plist";
				LD_RUNPATH_SEARCH_PATHS = (
					"$(inherited)",
					"@executable_path/Frameworks",
					"@loader_path/Frameworks",
				);
				PRODUCT_BUNDLE_IDENTIFIER = "com.ewgeniux.ios-native-app-diagnosticsTests";
				PRODUCT_NAME = "$(TARGET_NAME)";
				SWIFT_VERSION = 4.0;
				TARGETED_DEVICE_FAMILY = "1,2";
				TEST_HOST = "$(BUILT_PRODUCTS_DIR)/ios-native-app-diagnostics.app/ios-native-app-diagnostics";
			};
			name = Debug;
		};
		7EBFB194214AD1040079D572 /* Release */ = {
			isa = XCBuildConfiguration;
			baseConfigurationReference = 73D912C3D723E8BC47A3E6A5 /* Pods-ios-native-app-diagnosticsTests.release.xcconfig */;
			buildSettings = {
				ALWAYS_EMBED_SWIFT_STANDARD_LIBRARIES = YES;
				BUNDLE_LOADER = "$(TEST_HOST)";
				CODE_SIGN_STYLE = Automatic;
				DEVELOPMENT_TEAM = R2L8TU8NEV;
				INFOPLIST_FILE = "ios-native-app-diagnosticsTests/Info.plist";
				LD_RUNPATH_SEARCH_PATHS = (
					"$(inherited)",
					"@executable_path/Frameworks",
					"@loader_path/Frameworks",
				);
				PRODUCT_BUNDLE_IDENTIFIER = "com.ewgeniux.ios-native-app-diagnosticsTests";
				PRODUCT_NAME = "$(TARGET_NAME)";
				SWIFT_VERSION = 4.0;
				TARGETED_DEVICE_FAMILY = "1,2";
				TEST_HOST = "$(BUILT_PRODUCTS_DIR)/ios-native-app-diagnostics.app/ios-native-app-diagnostics";
			};
			name = Release;
		};
		7EBFB196214AD1040079D572 /* Debug */ = {
			isa = XCBuildConfiguration;
			baseConfigurationReference = CB681DB333E53485B7B4400F /* Pods-ios-native-app-diagnosticsUITests.debug.xcconfig */;
			buildSettings = {
				ALWAYS_EMBED_SWIFT_STANDARD_LIBRARIES = YES;
				CODE_SIGN_STYLE = Automatic;
				DEVELOPMENT_TEAM = R2L8TU8NEV;
				INFOPLIST_FILE = "ios-native-app-diagnosticsUITests/Info.plist";
				LD_RUNPATH_SEARCH_PATHS = (
					"$(inherited)",
					"@executable_path/Frameworks",
					"@loader_path/Frameworks",
				);
				PRODUCT_BUNDLE_IDENTIFIER = "com.ewgeniux.ios-native-app-diagnosticsUITests";
				PRODUCT_NAME = "$(TARGET_NAME)";
				SWIFT_VERSION = 4.0;
				TARGETED_DEVICE_FAMILY = "1,2";
				TEST_TARGET_NAME = "ios-native-app-diagnostics";
			};
			name = Debug;
		};
		7EBFB197214AD1040079D572 /* Release */ = {
			isa = XCBuildConfiguration;
			baseConfigurationReference = A316AD2D173022EA66DC7CB6 /* Pods-ios-native-app-diagnosticsUITests.release.xcconfig */;
			buildSettings = {
				ALWAYS_EMBED_SWIFT_STANDARD_LIBRARIES = YES;
				CODE_SIGN_STYLE = Automatic;
				DEVELOPMENT_TEAM = R2L8TU8NEV;
				INFOPLIST_FILE = "ios-native-app-diagnosticsUITests/Info.plist";
				LD_RUNPATH_SEARCH_PATHS = (
					"$(inherited)",
					"@executable_path/Frameworks",
					"@loader_path/Frameworks",
				);
				PRODUCT_BUNDLE_IDENTIFIER = "com.ewgeniux.ios-native-app-diagnosticsUITests";
				PRODUCT_NAME = "$(TARGET_NAME)";
				SWIFT_VERSION = 4.0;
				TARGETED_DEVICE_FAMILY = "1,2";
				TEST_TARGET_NAME = "ios-native-app-diagnostics";
			};
			name = Release;
		};
/* End XCBuildConfiguration section */

/* Begin XCConfigurationList section */
		7EBFB15F214AD1020079D572 /* Build configuration list for PBXProject "ios-native-app-diagnostics" */ = {
			isa = XCConfigurationList;
			buildConfigurations = (
				7EBFB18D214AD1040079D572 /* Debug */,
				7EBFB18E214AD1040079D572 /* Release */,
			);
			defaultConfigurationIsVisible = 0;
			defaultConfigurationName = Release;
		};
		7EBFB18F214AD1040079D572 /* Build configuration list for PBXNativeTarget "ios-native-app-diagnostics" */ = {
			isa = XCConfigurationList;
			buildConfigurations = (
				7EBFB190214AD1040079D572 /* Debug */,
				7EBFB191214AD1040079D572 /* Release */,
			);
			defaultConfigurationIsVisible = 0;
			defaultConfigurationName = Release;
		};
		7EBFB192214AD1040079D572 /* Build configuration list for PBXNativeTarget "ios-native-app-diagnosticsTests" */ = {
			isa = XCConfigurationList;
			buildConfigurations = (
				7EBFB193214AD1040079D572 /* Debug */,
				7EBFB194214AD1040079D572 /* Release */,
			);
			defaultConfigurationIsVisible = 0;
			defaultConfigurationName = Release;
		};
		7EBFB195214AD1040079D572 /* Build configuration list for PBXNativeTarget "ios-native-app-diagnosticsUITests" */ = {
			isa = XCConfigurationList;
			buildConfigurations = (
				7EBFB196214AD1040079D572 /* Debug */,
				7EBFB197214AD1040079D572 /* Release */,
			);
			defaultConfigurationIsVisible = 0;
			defaultConfigurationName = Release;
		};
/* End XCConfigurationList section */

/* Begin XCVersionGroup section */
		7EBFB16E214AD1020079D572 /* ios_native_app_diagnostics.xcdatamodeld */ = {
			isa = XCVersionGroup;
			children = (
				7EBFB16F214AD1020079D572 /* ios_native_app_diagnostics.xcdatamodel */,
			);
			currentVersion = 7EBFB16F214AD1020079D572 /* ios_native_app_diagnostics.xcdatamodel */;
			path = ios_native_app_diagnostics.xcdatamodeld;
			sourceTree = "<group>";
			versionGroupType = wrapper.xcdatamodel;
		};
/* End XCVersionGroup section */
	};
	rootObject = 7EBFB15C214AD1020079D572 /* Project object */;
}
